
Microsoft Visual Studio Solution File, Format Version 12.00
# Visual Studio Version 17
VisualStudioVersion = 17.7.34031.279
MinimumVisualStudioVersion = 10.0.40219.1
Project("{FAE04EC0-301F-11D3-BF4B-00C04F79EFBC}") = "backend-micro", "backend-micro\backend-micro.csproj", "{A1FF772A-D63E-47A3-AEC2-0BD6C28A4B1B}"
EndProject
Global
	GlobalSection(SolutionConfigurationPlatforms) = preSolution
		Debug|Any CPU = Debug|Any CPU
		Release|Any CPU = Release|Any CPU
	EndGlobalSection
	GlobalSection(ProjectConfigurationPlatforms) = postSolution
		{A1FF772A-D63E-47A3-AEC2-0BD6C28A4B1B}.Debug|Any CPU.ActiveCfg = Debug|Any CPU
		{A1FF772A-D63E-47A3-AEC2-0BD6C28A4B1B}.Debug|Any CPU.Build.0 = Debug|Any CPU
		{A1FF772A-D63E-47A3-AEC2-0BD6C28A4B1B}.Release|Any CPU.ActiveCfg = Release|Any CPU
		{A1FF772A-D63E-47A3-AEC2-0BD6C28A4B1B}.Release|Any CPU.Build.0 = Release|Any CPU
	EndGlobalSection
	GlobalSection(SolutionProperties) = preSolution
		HideSolutionNode = FALSE
	EndGlobalSection
	GlobalSection(ExtensibilityGlobals) = postSolution
		SolutionGuid = {B5D1C4F8-AE4A-4776-BE4D-C70E6B2F3E37}
	EndGlobalSection
EndGlobal
